{
  "name": "02-instalando-pacotes",
  "version": "1.0.0",
  "lockfileVersion": 2,
  "requires": true,
  "packages": {
    "": {
      "name": "02-instalando-pacotes",
      "version": "1.0.0",
      "license": "ISC",
      "dependencies": {
        "03-pacotes": "file:../01-Pacotes"
      }
    },
    "../01-Pacotes": {
      "version": "1.0.0",
      "license": "ISC"
    },
    "node_modules/03-pacotes": {
      "resolved": "../01-Pacotes",
      "link": true
    }
  },
  "dependencies": {
    "03-pacotes": {
      "version": "file:../01-Pacotes"
    }
  }
}
